{
  "name": "examples",
  "version": "1.0.0",
  "lockfileVersion": 2,
  "requires": true,
  "packages": {
    "": {
      "name": "examples",
      "version": "1.0.0",
      "license": "ISC",
      "dependencies": {
        "logsmith": "file:../logsmith"
      }
    },
    "../logsmith": {
      "version": "0.0.1",
      "license": "ISC",
      "dependencies": {
        "chalk": "^5.0.1"
      }
    },
    "node_modules/logsmith": {
      "resolved": "../logsmith",
      "link": true
    }
  },
  "dependencies": {
    "logsmith": {
      "version": "file:../logsmith",
      "requires": {
        "chalk": "^5.0.1"
      }
    }
  }
}
